
Microsoft Visual Studio Solution File, Format Version 12.00
# Visual Studio Version 17
VisualStudioVersion = 17.11.35327.3
MinimumVisualStudioVersion = 10.0.40219.1
Project("{FAE04EC0-301F-11D3-BF4B-00C04F79EFBC}") = "test", "test\test.csproj", "{C3284F06-6C44-4DBA-91EF-C1A1D7D65C9A}"
EndProject
Project("{FAE04EC0-301F-11D3-BF4B-00C04F79EFBC}") = "tumakov", "tumakov\tumakov.csproj", "{5F5D0648-8907-41F5-B06F-73BF03DBBBAC}"
EndProject
Global
	GlobalSection(SolutionConfigurationPlatforms) = preSolution
		Debug|Any CPU = Debug|Any CPU
		Release|Any CPU = Release|Any CPU
	EndGlobalSection
	GlobalSection(ProjectConfigurationPlatforms) = postSolution
		{C3284F06-6C44-4DBA-91EF-C1A1D7D65C9A}.Debug|Any CPU.ActiveCfg = Debug|Any CPU
		{C3284F06-6C44-4DBA-91EF-C1A1D7D65C9A}.Debug|Any CPU.Build.0 = Debug|Any CPU
		{C3284F06-6C44-4DBA-91EF-C1A1D7D65C9A}.Release|Any CPU.ActiveCfg = Release|Any CPU
		{C3284F06-6C44-4DBA-91EF-C1A1D7D65C9A}.Release|Any CPU.Build.0 = Release|Any CPU
		{5F5D0648-8907-41F5-B06F-73BF03DBBBAC}.Debug|Any CPU.ActiveCfg = Debug|Any CPU
		{5F5D0648-8907-41F5-B06F-73BF03DBBBAC}.Debug|Any CPU.Build.0 = Debug|Any CPU
		{5F5D0648-8907-41F5-B06F-73BF03DBBBAC}.Release|Any CPU.ActiveCfg = Release|Any CPU
		{5F5D0648-8907-41F5-B06F-73BF03DBBBAC}.Release|Any CPU.Build.0 = Release|Any CPU
	EndGlobalSection
	GlobalSection(SolutionProperties) = preSolution
		HideSolutionNode = FALSE
	EndGlobalSection
	GlobalSection(ExtensibilityGlobals) = postSolution
		SolutionGuid = {B4800851-4A72-40AF-B5A8-BCCDEA4BC59C}
	EndGlobalSection
EndGlobal
